
Microsoft Visual Studio Solution File, Format Version 12.00
# Visual Studio Version 17
VisualStudioVersion = 17.14.36301.6 d17.14
MinimumVisualStudioVersion = 10.0.40219.1
Project("{FAE04EC0-301F-11D3-BF4B-00C04F79EFBC}") = "SCENeo", "SCENeo.csproj", "{BB8EB2D5-7633-4D3D-A6AD-07DFC6E6B2A3}"
EndProject
Global
	GlobalSection(SolutionConfigurationPlatforms) = preSolution
		Debug|Any CPU = Debug|Any CPU
		Release|Any CPU = Release|Any CPU
	EndGlobalSection
	GlobalSection(ProjectConfigurationPlatforms) = postSolution
		{BB8EB2D5-7633-4D3D-A6AD-07DFC6E6B2A3}.Debug|Any CPU.ActiveCfg = Debug|Any CPU
		{BB8EB2D5-7633-4D3D-A6AD-07DFC6E6B2A3}.Debug|Any CPU.Build.0 = Debug|Any CPU
		{BB8EB2D5-7633-4D3D-A6AD-07DFC6E6B2A3}.Release|Any CPU.ActiveCfg = Release|Any CPU
		{BB8EB2D5-7633-4D3D-A6AD-07DFC6E6B2A3}.Release|Any CPU.Build.0 = Release|Any CPU
	EndGlobalSection
	GlobalSection(SolutionProperties) = preSolution
		HideSolutionNode = FALSE
	EndGlobalSection
	GlobalSection(ExtensibilityGlobals) = postSolution
		SolutionGuid = {67225A78-70EE-4C3D-9B6C-D44D66984363}
	EndGlobalSection
EndGlobal
